
Microsoft Visual Studio Solution File, Format Version 12.00
# Visual Studio Version 17
VisualStudioVersion = 17.11.35208.52
MinimumVisualStudioVersion = 10.0.40219.1
Project("{888888A0-9F3D-457C-B088-3A5042F75D52}") = "v1Offnets", "v1Offnets.pyproj", "{FBA9E1A7-4214-417E-8223-EAFCFC28E50C}"
EndProject
Global
	GlobalSection(SolutionConfigurationPlatforms) = preSolution
		Debug|Any CPU = Debug|Any CPU
		Release|Any CPU = Release|Any CPU
	EndGlobalSection
	GlobalSection(ProjectConfigurationPlatforms) = postSolution
		{FBA9E1A7-4214-417E-8223-EAFCFC28E50C}.Debug|Any CPU.ActiveCfg = Debug|Any CPU
		{FBA9E1A7-4214-417E-8223-EAFCFC28E50C}.Release|Any CPU.ActiveCfg = Release|Any CPU
	EndGlobalSection
	GlobalSection(SolutionProperties) = preSolution
		HideSolutionNode = FALSE
	EndGlobalSection
	GlobalSection(ExtensibilityGlobals) = postSolution
		SolutionGuid = {B92E0F97-9F5A-4030-9A3F-FB843D1CF045}
	EndGlobalSection
EndGlobal
